// !$*UTF8*$!
{
	archiveVersion = 1;
	classes = {
	};
	objectVersion = 54;
	objects = {

/* Begin PBXBuildFile section */
		E704CBCE25638F6100FB8C5F /* shapes.metal in Sources */ = {isa = PBXBuildFile; fileRef = E704CBCD25638F6100FB8C5F /* shapes.metal */; };
		E704CC8E25638FFB00FB8C5F /* shapes.metal in Sources */ = {isa = PBXBuildFile; fileRef = E704CBCD25638F6100FB8C5F /* shapes.metal */; };
		E71A02C62366847600A88C16 /* ViewModel.swift in Sources */ = {isa = PBXBuildFile; fileRef = E71A02C52366847600A88C16 /* ViewModel.swift */; };
		E71A02C82367397B00A88C16 /* NSImageView.swift in Sources */ = {isa = PBXBuildFile; fileRef = E71A02C72367397B00A88C16 /* NSImageView.swift */; };
		E71A02CA23673C2400A88C16 /* CIImage.swift in Sources */ = {isa = PBXBuildFile; fileRef = E71A02C923673C2400A88C16 /* CIImage.swift */; };
		E71AE71723E0FFB200A0FC1C /* Documentation.rtf in Resources */ = {isa = PBXBuildFile; fileRef = E71AE71623E0FFB100A0FC1C /* Documentation.rtf */; };
		E72A7FF023C2C1B6008C642A /* XColorPicker.swift in Sources */ = {isa = PBXBuildFile; fileRef = E72A7FEF23C2C1B6008C642A /* XColorPicker.swift */; };
		E72A7FF323C2C23F008C642A /* XBoolean.swift in Sources */ = {isa = PBXBuildFile; fileRef = E72A7FF223C2C23F008C642A /* XBoolean.swift */; };
		E72A7FF623C2C275008C642A /* XSlider.swift in Sources */ = {isa = PBXBuildFile; fileRef = E72A7FF523C2C275008C642A /* XSlider.swift */; };
		E72A7FF923C2C2AB008C642A /* XSegmentedControl.swift in Sources */ = {isa = PBXBuildFile; fileRef = E72A7FF823C2C2AB008C642A /* XSegmentedControl.swift */; };
		E72D600B2391D948009CF90A /* MyMTLStruct.swift in Sources */ = {isa = PBXBuildFile; fileRef = E72D600A2391D948009CF90A /* MyMTLStruct.swift */; };
		E743D67D236BEEBB00EB81BC /* videos in Resources */ = {isa = PBXBuildFile; fileRef = E743D67C236BEEBB00EB81BC /* videos */; };
		E743D68A236C081E00EB81BC /* TODO.txt in Resources */ = {isa = PBXBuildFile; fileRef = E743D689236C081E00EB81BC /* TODO.txt */; };
		E743D706236C83FE00EB81BC /* glsl.metal in Sources */ = {isa = PBXBuildFile; fileRef = E77675D72283786000614B7B /* glsl.metal */; };
		E743D707236C83FE00EB81BC /* support.metal in Sources */ = {isa = PBXBuildFile; fileRef = E7ED629721779685007ABB53 /* support.metal */; };
		E746F31523F0D107003598F6 /* sdf.metal in Sources */ = {isa = PBXBuildFile; fileRef = E746F31423F0D107003598F6 /* sdf.metal */; };
		E746F31923F0D9AC003598F6 /* sdf.metal in Sources */ = {isa = PBXBuildFile; fileRef = E746F31423F0D107003598F6 /* sdf.metal */; };
		E748C45A239809E100AD7A64 /* RenderSetup.swift in Sources */ = {isa = PBXBuildFile; fileRef = E748C459239809E100AD7A64 /* RenderSetup.swift */; };
		E749D2B6254F19D3000930BB /* KeyEventHandling.swift in Sources */ = {isa = PBXBuildFile; fileRef = E749D2B5254F19D3000930BB /* KeyEventHandling.swift */; };
		E74A42532576B7C500639F19 /* SceneProtocol.swift in Sources */ = {isa = PBXBuildFile; fileRef = E74A42522576B7C500639F19 /* SceneProtocol.swift */; };
		E74A43972576EC1A00639F19 /* SceneLibraryView.swift in Sources */ = {isa = PBXBuildFile; fileRef = E74A43962576EC1A00639F19 /* SceneLibraryView.swift */; };
		E74A445C257804AC00639F19 /* Simple3.swift in Sources */ = {isa = PBXBuildFile; fileRef = E74A445B257804AC00639F19 /* Simple3.swift */; };
		E74F94592256A05900706CBF /* MetalVideoRecorder.swift in Sources */ = {isa = PBXBuildFile; fileRef = E74F94582256A05800706CBF /* MetalVideoRecorder.swift */; };
		E7539442257AD22F00642C36 /* scenetest.metal in Sources */ = {isa = PBXBuildFile; fileRef = E7539441257AD22F00642C36 /* scenetest.metal */; };
		E7539F87257C19EE00642C36 /* scenetest.metal in Sources */ = {isa = PBXBuildFile; fileRef = E7539441257AD22F00642C36 /* scenetest.metal */; };
		E7652E1A2423FE80004CB302 /* AVAsset.swift in Sources */ = {isa = PBXBuildFile; fileRef = E7652E192423FE80004CB302 /* AVAsset.swift */; };
		E7722C17253FD69A006EDEB1 /* Images.xcassets in Resources */ = {isa = PBXBuildFile; fileRef = E7722C16253FD69A006EDEB1 /* Images.xcassets */; };
		E77675D82283786000614B7B /* glsl.metal in Sources */ = {isa = PBXBuildFile; fileRef = E77675D72283786000614B7B /* glsl.metal */; };
		E785E2E525AA46E600511B0C /* SKSCNScene.swift in Sources */ = {isa = PBXBuildFile; fileRef = E785E2E425AA46E600511B0C /* SKSCNScene.swift */; };
		E79A10E222CF9B4D004FD5E2 /* README.md in Resources */ = {isa = PBXBuildFile; fileRef = E79A10E122CF9B4D004FD5E2 /* README.md */; };
		E7A3A16A21A7E07500742611 /* Common.h in Sources */ = {isa = PBXBuildFile; fileRef = E701A3F12171573F00FC9795 /* Common.h */; };
		E7AB8CBB25A03F8400E464F9 /* Bello.swift in Sources */ = {isa = PBXBuildFile; fileRef = E7AB8CBA25A03F8400E464F9 /* Bello.swift */; };
		E7AB8D3D25A5CCB600E464F9 /* Box Breathing Remix.swift in Sources */ = {isa = PBXBuildFile; fileRef = E7AB8D3C25A5CCB600E464F9 /* Box Breathing Remix.swift */; };
		E7AB8DBF25A7C1BA00E464F9 /* ryb color wheel.swift in Sources */ = {isa = PBXBuildFile; fileRef = E7AB8DBE25A7C1BA00E464F9 /* ryb color wheel.swift */; };
		E7AB8E0125A8497F00E464F9 /* MetalX.swift in Sources */ = {isa = PBXBuildFile; fileRef = E7AB8E0025A8497F00E464F9 /* MetalX.swift */; };
		E7CF9B7D227CC6FE00413280 /* Textures.xcassets in Resources */ = {isa = PBXBuildFile; fileRef = E7CF9B7C227CC6FE00413280 /* Textures.xcassets */; };
		E7CF9BCD227F425400413280 /* NSColor.swift in Sources */ = {isa = PBXBuildFile; fileRef = E7CF9BCC227F425400413280 /* NSColor.swift */; };
		E7CF9BCF227F429A00413280 /* UserDefaults.swift in Sources */ = {isa = PBXBuildFile; fileRef = E7CF9BCE227F429A00413280 /* UserDefaults.swift */; };
		E7CF9BD1227F42BF00413280 /* MTLTexture.swift in Sources */ = {isa = PBXBuildFile; fileRef = E7CF9BD0227F42BF00413280 /* MTLTexture.swift */; };
		E7CF9BD3227F430900413280 /* NSImage.swift in Sources */ = {isa = PBXBuildFile; fileRef = E7CF9BD2227F430900413280 /* NSImage.swift */; };
		E7CF9BD9227F434A00413280 /* NSView.swift in Sources */ = {isa = PBXBuildFile; fileRef = E7CF9BD8227F434A00413280 /* NSView.swift */; };
		E7CF9BDC227F439300413280 /* String.swift in Sources */ = {isa = PBXBuildFile; fileRef = E7CF9BDB227F439300413280 /* String.swift */; };
		E7D7C03F25AB9C6F004D75CD /* PreferencesView.swift in Sources */ = {isa = PBXBuildFile; fileRef = E71A02C12366511A00A88C16 /* PreferencesView.swift */; };
		E7D7C04B25AB9E31004D75CD /* T3SCNScene.swift in Sources */ = {isa = PBXBuildFile; fileRef = E7539504257C065500642C36 /* T3SCNScene.swift */; };
		E7D7C05025AB9EEF004D75CD /* Library.swift in Sources */ = {isa = PBXBuildFile; fileRef = E77675D4228347A800614B7B /* Library.swift */; };
		E7D7C06D25ABB355004D75CD /* glsl.metal in Sources */ = {isa = PBXBuildFile; fileRef = E77675D72283786000614B7B /* glsl.metal */; };
		E7D7C06E25ABB355004D75CD /* scenetest.metal in Sources */ = {isa = PBXBuildFile; fileRef = E7539441257AD22F00642C36 /* scenetest.metal */; };
		E7D7C06F25ABB355004D75CD /* shapes.metal in Sources */ = {isa = PBXBuildFile; fileRef = E704CBCD25638F6100FB8C5F /* shapes.metal */; };
		E7D7C07025ABB355004D75CD /* sdf.metal in Sources */ = {isa = PBXBuildFile; fileRef = E746F31423F0D107003598F6 /* sdf.metal */; };
		E7D7C07125ABB355004D75CD /* support.metal in Sources */ = {isa = PBXBuildFile; fileRef = E7ED629721779685007ABB53 /* support.metal */; };
		E7D7C0A525ABB41E004D75CD /* Bars.metal in Sources */ = {isa = PBXBuildFile; fileRef = E7D7C09925ABB410004D75CD /* Bars.metal */; };
		E7D7C0A625ABB41E004D75CD /* Basic Bar.metal in Sources */ = {isa = PBXBuildFile; fileRef = E7D7C09A25ABB410004D75CD /* Basic Bar.metal */; };
		E7D7C0A725ABB41E004D75CD /* Sliding Rectangles.metal in Sources */ = {isa = PBXBuildFile; fileRef = E7D7C09B25ABB410004D75CD /* Sliding Rectangles.metal */; };
		E7D7C0A825ABB41E004D75CD /* Animated Pinwheel.metal in Sources */ = {isa = PBXBuildFile; fileRef = E7D7C09C25ABB410004D75CD /* Animated Pinwheel.metal */; };
		E7D7C0A925ABB41E004D75CD /* Animation Test.metal in Sources */ = {isa = PBXBuildFile; fileRef = E7D7C09D25ABB410004D75CD /* Animation Test.metal */; };
		E7D7C0AA25ABB41E004D75CD /* Blend.metal in Sources */ = {isa = PBXBuildFile; fileRef = E7D7C09E25ABB410004D75CD /* Blend.metal */; };
		E7D7C0AB25ABB41E004D75CD /* Sliding Bar.metal in Sources */ = {isa = PBXBuildFile; fileRef = E7D7C09F25ABB410004D75CD /* Sliding Bar.metal */; };
		E7D7C0AC25ABB41E004D75CD /* Twisting Squares.metal in Sources */ = {isa = PBXBuildFile; fileRef = E7D7C0A025ABB410004D75CD /* Twisting Squares.metal */; };
		E7D7C0AD25ABB41E004D75CD /* Spinning Star.metal in Sources */ = {isa = PBXBuildFile; fileRef = E7D7C0A125ABB410004D75CD /* Spinning Star.metal */; };
		E7D7C0AE25ABB41E004D75CD /* Rotating Square.metal in Sources */ = {isa = PBXBuildFile; fileRef = E7D7C0A225ABB410004D75CD /* Rotating Square.metal */; };
		E7D7C0B225ABB440004D75CD /* VideoSupport.swift in Sources */ = {isa = PBXBuildFile; fileRef = E731C35F21AF6847001D2345 /* VideoSupport.swift */; };
		E7D7C0B625ABB443004D75CD /* Webcam.swift in Sources */ = {isa = PBXBuildFile; fileRef = E75C931221ADE7D200679E62 /* Webcam.swift */; };
		E7D7C0BA25ABB486004D75CD /* ConfigController.swift in Sources */ = {isa = PBXBuildFile; fileRef = E753EBFA21B905DD003E4678 /* ConfigController.swift */; };
		E7D7C0BE25ABB48B004D75CD /* DynamicPreferences.swift in Sources */ = {isa = PBXBuildFile; fileRef = E70DAB43226056E5009B02CD /* DynamicPreferences.swift */; };
		E7D7C0C225ABB48F004D75CD /* ControlsView.swift in Sources */ = {isa = PBXBuildFile; fileRef = E71A02C32366512B00A88C16 /* ControlsView.swift */; };
		E7D7C0C625ABB4B1004D75CD /* MetalView.swift in Sources */ = {isa = PBXBuildFile; fileRef = E71A02CB236767C000A88C16 /* MetalView.swift */; };
		E7D7C0CA25ABB4C8004D75CD /* RenderPipelinePass.swift in Sources */ = {isa = PBXBuildFile; fileRef = E79DD74323E9377D00DAB04A /* RenderPipelinePass.swift */; };
		E7D7C0D125ABB55F004D75CD /* Shader.swift in Sources */ = {isa = PBXBuildFile; fileRef = E7500791216B181100FABE79 /* Shader.swift */; };
		E7D7C0D525ABB5CB004D75CD /* RenderSupport.swift in Sources */ = {isa = PBXBuildFile; fileRef = E79DD73A23E8DFF200DAB04A /* RenderSupport.swift */; };
		E7D7C0D925ABB5E3004D75CD /* ComputePipelinePass.swift in Sources */ = {isa = PBXBuildFile; fileRef = E7494E31255256D8000930BB /* ComputePipelinePass.swift */; };
		E7D7C0E425AC27A1004D75CD /* LibraryView.swift in Sources */ = {isa = PBXBuildFile; fileRef = E7D7C0E325AC27A1004D75CD /* LibraryView.swift */; };
		E7D7C1A725ACBCE6004D75CD /* glsl.metal in Sources */ = {isa = PBXBuildFile; fileRef = E77675D72283786000614B7B /* glsl.metal */; };
		E7D7C1A825ACBCE6004D75CD /* scenetest.metal in Sources */ = {isa = PBXBuildFile; fileRef = E7539441257AD22F00642C36 /* scenetest.metal */; };
		E7D7C1A925ACBCE6004D75CD /* shapes.metal in Sources */ = {isa = PBXBuildFile; fileRef = E704CBCD25638F6100FB8C5F /* shapes.metal */; };
		E7D7C1AA25ACBCE6004D75CD /* sdf.metal in Sources */ = {isa = PBXBuildFile; fileRef = E746F31423F0D107003598F6 /* sdf.metal */; };
		E7D7C1AB25ACBCE6004D75CD /* support.metal in Sources */ = {isa = PBXBuildFile; fileRef = E7ED629721779685007ABB53 /* support.metal */; };
		E7D7C1BE25ACBD1F004D75CD /* a Cylinder.metal in Sources */ = {isa = PBXBuildFile; fileRef = E7D7C1B825ACBD1F004D75CD /* a Cylinder.metal */; };
		E7D7C1BF25ACBD1F004D75CD /* a Sphere.metal in Sources */ = {isa = PBXBuildFile; fileRef = E7D7C1B925ACBD1F004D75CD /* a Sphere.metal */; };
		E7D7C1C025ACBD1F004D75CD /* an Icosahedron.metal in Sources */ = {isa = PBXBuildFile; fileRef = E7D7C1BA25ACBD1F004D75CD /* an Icosahedron.metal */; };
		E7D7C1C125ACBD1F004D75CD /* a Torus.metal in Sources */ = {isa = PBXBuildFile; fileRef = E7D7C1BB25ACBD1F004D75CD /* a Torus.metal */; };
		E7D7C1C225ACBD1F004D75CD /* a Cube.metal in Sources */ = {isa = PBXBuildFile; fileRef = E7D7C1BC25ACBD1F004D75CD /* a Cube.metal */; };
		E7D7C1C325ACBD1F004D75CD /* Truncated Icosahedron.metal in Sources */ = {isa = PBXBuildFile; fileRef = E7D7C1BD25ACBD1F004D75CD /* Truncated Icosahedron.metal */; };
		E7ED18F7257E903A0075DD2E /* Simple_Scenes.framework in Frameworks */ = {isa = PBXBuildFile; fileRef = E7ED18F0257E903A0075DD2E /* Simple_Scenes.framework */; };
		E7ED18F8257E903A0075DD2E /* Simple_Scenes.framework in Embed Frameworks */ = {isa = PBXBuildFile; fileRef = E7ED18F0257E903A0075DD2E /* Simple_Scenes.framework */; settings = {ATTRIBUTES = (CodeSignOnCopy, RemoveHeadersOnCopy, ); }; };
		E7ED19D9257E909E0075DD2E /* Simple4.swift in Sources */ = {isa = PBXBuildFile; fileRef = E74A46642578488400639F19 /* Simple4.swift */; };
		E7ED1A19257E909E0075DD2E /* Simple.swift in Sources */ = {isa = PBXBuildFile; fileRef = E74A41CE2576B53800639F19 /* Simple.swift */; };
		E7ED1A59257E909E0075DD2E /* Simple7.swift in Sources */ = {isa = PBXBuildFile; fileRef = E74A4820257AB32500639F19 /* Simple7.swift */; };
		E7ED1A99257E909E0075DD2E /* Simple2.swift in Sources */ = {isa = PBXBuildFile; fileRef = E74A42102576B75100639F19 /* Simple2.swift */; };
		E7ED1AD9257E909E0075DD2E /* Simple6.swift in Sources */ = {isa = PBXBuildFile; fileRef = E74A46DE257AAA0300639F19 /* Simple6.swift */; };
		E7ED2489257E923E0075DD2E /* Breathing Exercise.swift in Sources */ = {isa = PBXBuildFile; fileRef = E7ED2488257E923E0075DD2E /* Breathing Exercise.swift */; };
		E7ED629821779685007ABB53 /* support.metal in Sources */ = {isa = PBXBuildFile; fileRef = E7ED629721779685007ABB53 /* support.metal */; };
		E7FCB46A212A2B1000CED4FA /* MetalFilterTinkerApp.swift in Sources */ = {isa = PBXBuildFile; fileRef = E7FCB469212A2B1000CED4FA /* MetalFilterTinkerApp.swift */; };
		E7FCB46E212A2B1200CED4FA /* Assets.xcassets in Resources */ = {isa = PBXBuildFile; fileRef = E7FCB46D212A2B1200CED4FA /* Assets.xcassets */; };
/* End PBXBuildFile section */

/* Begin PBXContainerItemProxy section */
		E7D7C07B25ABB36F004D75CD /* PBXContainerItemProxy */ = {
			isa = PBXContainerItemProxy;
			containerPortal = E7FCB45E212A2B1000CED4FA /* Project object */;
			proxyType = 1;
			remoteGlobalIDString = E7D7C06B25ABB355004D75CD;
			remoteInfo = "Simple Vertex";
		};
		E7D7C1C825ACBD4C004D75CD /* PBXContainerItemProxy */ = {
			isa = PBXContainerItemProxy;
			containerPortal = E7FCB45E212A2B1000CED4FA /* Project object */;
			proxyType = 1;
			remoteGlobalIDString = E7D7C1A525ACBCE6004D75CD;
			remoteInfo = "Shapes 3d Vertex";
		};
		E7ED18F5257E903A0075DD2E /* PBXContainerItemProxy */ = {
			isa = PBXContainerItemProxy;
			containerPortal = E7FCB45E212A2B1000CED4FA /* Project object */;
			proxyType = 1;
			remoteGlobalIDString = E7ED18EF257E903A0075DD2E;
			remoteInfo = "Simple Scenes";
		};
/* End PBXContainerItemProxy section */

/* Begin PBXCopyFilesBuildPhase section */
		E71AFD06236539B900A88C16 /* CopyFiles */ = {
			isa = PBXCopyFilesBuildPhase;
			buildActionMask = 2147483647;
			dstPath = "";
			dstSubfolderSpec = 7;
			files = (
			);
			runOnlyForDeploymentPostprocessing = 0;
		};
		E7ED18FC257E903A0075DD2E /* Embed Frameworks */ = {
			isa = PBXCopyFilesBuildPhase;
			buildActionMask = 2147483647;
			dstPath = "";
			dstSubfolderSpec = 10;
			files = (
				E7ED18F8257E903A0075DD2E /* Simple_Scenes.framework in Embed Frameworks */,
			);
			name = "Embed Frameworks";
			runOnlyForDeploymentPostprocessing = 0;
		};
/* End PBXCopyFilesBuildPhase section */

/* Begin PBXFileReference section */
		E701A3F12171573F00FC9795 /* Common.h */ = {isa = PBXFileReference; explicitFileType = sourcecode.cpp.h; path = Common.h; sourceTree = "<group>"; };
		E704CBCD25638F6100FB8C5F /* shapes.metal */ = {isa = PBXFileReference; lastKnownFileType = sourcecode.metal; path = shapes.metal; sourceTree = "<group>"; };
		E704CC0E25638FBA00FB8C5F /* shapes.h */ = {isa = PBXFileReference; lastKnownFileType = sourcecode.c.h; path = shapes.h; sourceTree = "<group>"; };
		E70DAB43226056E5009B02CD /* DynamicPreferences.swift */ = {isa = PBXFileReference; lastKnownFileType = sourcecode.swift; path = DynamicPreferences.swift; sourceTree = "<group>"; };
		E71A02C12366511A00A88C16 /* PreferencesView.swift */ = {isa = PBXFileReference; lastKnownFileType = sourcecode.swift; path = PreferencesView.swift; sourceTree = "<group>"; };
		E71A02C32366512B00A88C16 /* ControlsView.swift */ = {isa = PBXFileReference; lastKnownFileType = sourcecode.swift; path = ControlsView.swift; sourceTree = "<group>"; };
		E71A02C52366847600A88C16 /* ViewModel.swift */ = {isa = PBXFileReference; lastKnownFileType = sourcecode.swift; path = ViewModel.swift; sourceTree = "<group>"; };
		E71A02C72367397B00A88C16 /* NSImageView.swift */ = {isa = PBXFileReference; lastKnownFileType = sourcecode.swift; path = NSImageView.swift; sourceTree = "<group>"; };
		E71A02C923673C2400A88C16 /* CIImage.swift */ = {isa = PBXFileReference; lastKnownFileType = sourcecode.swift; path = CIImage.swift; sourceTree = "<group>"; };
		E71A02CB236767C000A88C16 /* MetalView.swift */ = {isa = PBXFileReference; lastKnownFileType = sourcecode.swift; path = MetalView.swift; sourceTree = "<group>"; };
		E71AE71623E0FFB100A0FC1C /* Documentation.rtf */ = {isa = PBXFileReference; lastKnownFileType = text.rtf; path = Documentation.rtf; sourceTree = "<group>"; };
		E72A7FEF23C2C1B6008C642A /* XColorPicker.swift */ = {isa = PBXFileReference; lastKnownFileType = sourcecode.swift; path = XColorPicker.swift; sourceTree = "<group>"; };
		E72A7FF223C2C23F008C642A /* XBoolean.swift */ = {isa = PBXFileReference; lastKnownFileType = sourcecode.swift; path = XBoolean.swift; sourceTree = "<group>"; };
		E72A7FF523C2C275008C642A /* XSlider.swift */ = {isa = PBXFileReference; lastKnownFileType = sourcecode.swift; path = XSlider.swift; sourceTree = "<group>"; };
		E72A7FF823C2C2AB008C642A /* XSegmentedControl.swift */ = {isa = PBXFileReference; lastKnownFileType = sourcecode.swift; path = XSegmentedControl.swift; sourceTree = "<group>"; };
		E72D600A2391D948009CF90A /* MyMTLStruct.swift */ = {isa = PBXFileReference; lastKnownFileType = sourcecode.swift; path = MyMTLStruct.swift; sourceTree = "<group>"; };
		E731C35F21AF6847001D2345 /* VideoSupport.swift */ = {isa = PBXFileReference; lastKnownFileType = sourcecode.swift; path = VideoSupport.swift; sourceTree = "<group>"; };
		E743D67C236BEEBB00EB81BC /* videos */ = {isa = PBXFileReference; lastKnownFileType = folder; path = videos; sourceTree = "<group>"; };
		E743D689236C081E00EB81BC /* TODO.txt */ = {isa = PBXFileReference; lastKnownFileType = text; path = TODO.txt; sourceTree = "<group>"; };
		E746F31423F0D107003598F6 /* sdf.metal */ = {isa = PBXFileReference; lastKnownFileType = sourcecode.metal; path = sdf.metal; sourceTree = "<group>"; };
		E746F31723F0D11E003598F6 /* sdf.h */ = {isa = PBXFileReference; lastKnownFileType = sourcecode.c.h; path = sdf.h; sourceTree = "<group>"; };
		E74711E5238442D700FF2A77 /* support.h */ = {isa = PBXFileReference; lastKnownFileType = sourcecode.c.h; path = support.h; sourceTree = "<group>"; };
		E748C459239809E100AD7A64 /* RenderSetup.swift */ = {isa = PBXFileReference; lastKnownFileType = sourcecode.swift; path = RenderSetup.swift; sourceTree = "<group>"; };
		E7494E31255256D8000930BB /* ComputePipelinePass.swift */ = {isa = PBXFileReference; lastKnownFileType = sourcecode.swift; path = ComputePipelinePass.swift; sourceTree = "<group>"; };
		E749D2B5254F19D3000930BB /* KeyEventHandling.swift */ = {isa = PBXFileReference; lastKnownFileType = sourcecode.swift; path = KeyEventHandling.swift; sourceTree = "<group>"; };
		E74A41CE2576B53800639F19 /* Simple.swift */ = {isa = PBXFileReference; lastKnownFileType = sourcecode.swift; path = Simple.swift; sourceTree = "<group>"; };
		E74A42102576B75100639F19 /* Simple2.swift */ = {isa = PBXFileReference; lastKnownFileType = sourcecode.swift; path = Simple2.swift; sourceTree = "<group>"; };
		E74A42522576B7C500639F19 /* SceneProtocol.swift */ = {isa = PBXFileReference; lastKnownFileType = sourcecode.swift; path = SceneProtocol.swift; sourceTree = "<group>"; };
		E74A43962576EC1A00639F19 /* SceneLibraryView.swift */ = {isa = PBXFileReference; lastKnownFileType = sourcecode.swift; path = SceneLibraryView.swift; sourceTree = "<group>"; };
		E74A44182578002F00639F19 /* SpriteLibraryView.swift */ = {isa = PBXFileReference; lastKnownFileType = sourcecode.swift; path = SpriteLibraryView.swift; sourceTree = "<group>"; };
		E74A445B257804AC00639F19 /* Simple3.swift */ = {isa = PBXFileReference; lastKnownFileType = sourcecode.swift; path = Simple3.swift; sourceTree = "<group>"; };
		E74A451E25780EC400639F19 /* SpriteProtocol.swift */ = {isa = PBXFileReference; lastKnownFileType = sourcecode.swift; path = SpriteProtocol.swift; sourceTree = "<group>"; };
		E74A45A02578458100639F19 /* BlitPipelinePass.swift */ = {isa = PBXFileReference; lastKnownFileType = sourcecode.swift; path = BlitPipelinePass.swift; sourceTree = "<group>"; };
		E74A45E22578462700639F19 /* OffscreenPipelinePass.swift */ = {isa = PBXFileReference; lastKnownFileType = sourcecode.swift; path = OffscreenPipelinePass.swift; sourceTree = "<group>"; };
		E74A46642578488400639F19 /* Simple4.swift */ = {isa = PBXFileReference; lastKnownFileType = sourcecode.swift; path = Simple4.swift; sourceTree = "<group>"; };
		E74A46DE257AAA0300639F19 /* Simple6.swift */ = {isa = PBXFileReference; lastKnownFileType = sourcecode.swift; path = Simple6.swift; sourceTree = "<group>"; };
		E74A4820257AB32500639F19 /* Simple7.swift */ = {isa = PBXFileReference; lastKnownFileType = sourcecode.swift; path = Simple7.swift; sourceTree = "<group>"; };
		E74F94582256A05800706CBF /* MetalVideoRecorder.swift */ = {isa = PBXFileReference; lastKnownFileType = sourcecode.swift; path = MetalVideoRecorder.swift; sourceTree = "<group>"; };
		E7500791216B181100FABE79 /* Shader.swift */ = {isa = PBXFileReference; lastKnownFileType = sourcecode.swift; path = Shader.swift; sourceTree = "<group>"; };
		E7539441257AD22F00642C36 /* scenetest.metal */ = {isa = PBXFileReference; lastKnownFileType = sourcecode.metal; path = scenetest.metal; sourceTree = "<group>"; };
		E7539504257C065500642C36 /* T3SCNScene.swift */ = {isa = PBXFileReference; lastKnownFileType = sourcecode.swift; path = T3SCNScene.swift; sourceTree = "<group>"; };
		E753EBFA21B905DD003E4678 /* ConfigController.swift */ = {isa = PBXFileReference; lastKnownFileType = sourcecode.swift; path = ConfigController.swift; sourceTree = "<group>"; };
		E75C931221ADE7D200679E62 /* Webcam.swift */ = {isa = PBXFileReference; lastKnownFileType = sourcecode.swift; path = Webcam.swift; sourceTree = "<group>"; };
		E7652E192423FE80004CB302 /* AVAsset.swift */ = {isa = PBXFileReference; lastKnownFileType = sourcecode.swift; path = AVAsset.swift; sourceTree = "<group>"; };
		E7722C16253FD69A006EDEB1 /* Images.xcassets */ = {isa = PBXFileReference; lastKnownFileType = folder.assetcatalog; path = Images.xcassets; sourceTree = "<group>"; };
		E77675D4228347A800614B7B /* Library.swift */ = {isa = PBXFileReference; lastKnownFileType = sourcecode.swift; path = Library.swift; sourceTree = "<group>"; };
		E77675D72283786000614B7B /* glsl.metal */ = {isa = PBXFileReference; lastKnownFileType = sourcecode.metal; path = glsl.metal; sourceTree = "<group>"; };
		E77675DA2283791A00614B7B /* glsl.h */ = {isa = PBXFileReference; lastKnownFileType = sourcecode.c.h; path = glsl.h; sourceTree = "<group>"; };
		E785E2E425AA46E600511B0C /* SKSCNScene.swift */ = {isa = PBXFileReference; lastKnownFileType = sourcecode.swift; path = SKSCNScene.swift; sourceTree = "<group>"; };
		E79A10E122CF9B4D004FD5E2 /* README.md */ = {isa = PBXFileReference; fileEncoding = 4; lastKnownFileType = net.daringfireball.markdown; path = README.md; sourceTree = SOURCE_ROOT; };
		E79DD73A23E8DFF200DAB04A /* RenderSupport.swift */ = {isa = PBXFileReference; lastKnownFileType = sourcecode.swift; path = RenderSupport.swift; sourceTree = "<group>"; };
		E79DD74323E9377D00DAB04A /* RenderPipelinePass.swift */ = {isa = PBXFileReference; lastKnownFileType = sourcecode.swift; path = RenderPipelinePass.swift; sourceTree = "<group>"; };
		E7AB8CBA25A03F8400E464F9 /* Bello.swift */ = {isa = PBXFileReference; lastKnownFileType = sourcecode.swift; path = Bello.swift; sourceTree = "<group>"; };
		E7AB8D3C25A5CCB600E464F9 /* Box Breathing Remix.swift */ = {isa = PBXFileReference; lastKnownFileType = sourcecode.swift; path = "Box Breathing Remix.swift"; sourceTree = "<group>"; };
		E7AB8DBE25A7C1BA00E464F9 /* ryb color wheel.swift */ = {isa = PBXFileReference; lastKnownFileType = sourcecode.swift; path = "ryb color wheel.swift"; sourceTree = "<group>"; };
		E7AB8E0025A8497F00E464F9 /* MetalX.swift */ = {isa = PBXFileReference; lastKnownFileType = sourcecode.swift; path = MetalX.swift; sourceTree = "<group>"; };
		E7CF9B7B227CC0E900413280 /* constants.h */ = {isa = PBXFileReference; lastKnownFileType = sourcecode.c.h; path = constants.h; sourceTree = "<group>"; };
		E7CF9B7C227CC6FE00413280 /* Textures.xcassets */ = {isa = PBXFileReference; lastKnownFileType = folder.assetcatalog; path = Textures.xcassets; sourceTree = "<group>"; };
		E7CF9BCC227F425400413280 /* NSColor.swift */ = {isa = PBXFileReference; lastKnownFileType = sourcecode.swift; path = NSColor.swift; sourceTree = "<group>"; };
		E7CF9BCE227F429A00413280 /* UserDefaults.swift */ = {isa = PBXFileReference; lastKnownFileType = sourcecode.swift; path = UserDefaults.swift; sourceTree = "<group>"; };
		E7CF9BD0227F42BF00413280 /* MTLTexture.swift */ = {isa = PBXFileReference; lastKnownFileType = sourcecode.swift; path = MTLTexture.swift; sourceTree = "<group>"; };
		E7CF9BD2227F430900413280 /* NSImage.swift */ = {isa = PBXFileReference; lastKnownFileType = sourcecode.swift; path = NSImage.swift; sourceTree = "<group>"; };
		E7CF9BD8227F434A00413280 /* NSView.swift */ = {isa = PBXFileReference; lastKnownFileType = sourcecode.swift; path = NSView.swift; sourceTree = "<group>"; };
		E7CF9BDB227F439300413280 /* String.swift */ = {isa = PBXFileReference; lastKnownFileType = sourcecode.swift; path = String.swift; sourceTree = "<group>"; };
		E7D7C09925ABB410004D75CD /* Bars.metal */ = {isa = PBXFileReference; lastKnownFileType = sourcecode.metal; path = Bars.metal; sourceTree = "<group>"; };
		E7D7C09A25ABB410004D75CD /* Basic Bar.metal */ = {isa = PBXFileReference; lastKnownFileType = sourcecode.metal; path = "Basic Bar.metal"; sourceTree = "<group>"; };
		E7D7C09B25ABB410004D75CD /* Sliding Rectangles.metal */ = {isa = PBXFileReference; lastKnownFileType = sourcecode.metal; path = "Sliding Rectangles.metal"; sourceTree = "<group>"; };
		E7D7C09C25ABB410004D75CD /* Animated Pinwheel.metal */ = {isa = PBXFileReference; lastKnownFileType = sourcecode.metal; path = "Animated Pinwheel.metal"; sourceTree = "<group>"; };
		E7D7C09D25ABB410004D75CD /* Animation Test.metal */ = {isa = PBXFileReference; lastKnownFileType = sourcecode.metal; path = "Animation Test.metal"; sourceTree = "<group>"; };
		E7D7C09E25ABB410004D75CD /* Blend.metal */ = {isa = PBXFileReference; lastKnownFileType = sourcecode.metal; path = Blend.metal; sourceTree = "<group>"; };
		E7D7C09F25ABB410004D75CD /* Sliding Bar.metal */ = {isa = PBXFileReference; lastKnownFileType = sourcecode.metal; path = "Sliding Bar.metal"; sourceTree = "<group>"; };
		E7D7C0A025ABB410004D75CD /* Twisting Squares.metal */ = {isa = PBXFileReference; lastKnownFileType = sourcecode.metal; path = "Twisting Squares.metal"; sourceTree = "<group>"; };
		E7D7C0A125ABB410004D75CD /* Spinning Star.metal */ = {isa = PBXFileReference; lastKnownFileType = sourcecode.metal; path = "Spinning Star.metal"; sourceTree = "<group>"; };
		E7D7C0A225ABB410004D75CD /* Rotating Square.metal */ = {isa = PBXFileReference; lastKnownFileType = sourcecode.metal; path = "Rotating Square.metal"; sourceTree = "<group>"; };
		E7D7C0E325AC27A1004D75CD /* LibraryView.swift */ = {isa = PBXFileReference; lastKnownFileType = sourcecode.swift; path = LibraryView.swift; sourceTree = "<group>"; };
		E7D7C1B825ACBD1F004D75CD /* a Cylinder.metal */ = {isa = PBXFileReference; fileEncoding = 4; lastKnownFileType = sourcecode.metal; path = "a Cylinder.metal"; sourceTree = "<group>"; };
		E7D7C1B925ACBD1F004D75CD /* a Sphere.metal */ = {isa = PBXFileReference; fileEncoding = 4; lastKnownFileType = sourcecode.metal; path = "a Sphere.metal"; sourceTree = "<group>"; };
		E7D7C1BA25ACBD1F004D75CD /* an Icosahedron.metal */ = {isa = PBXFileReference; fileEncoding = 4; lastKnownFileType = sourcecode.metal; path = "an Icosahedron.metal"; sourceTree = "<group>"; };
		E7D7C1BB25ACBD1F004D75CD /* a Torus.metal */ = {isa = PBXFileReference; fileEncoding = 4; lastKnownFileType = sourcecode.metal; path = "a Torus.metal"; sourceTree = "<group>"; };
		E7D7C1BC25ACBD1F004D75CD /* a Cube.metal */ = {isa = PBXFileReference; fileEncoding = 4; lastKnownFileType = sourcecode.metal; path = "a Cube.metal"; sourceTree = "<group>"; };
		E7D7C1BD25ACBD1F004D75CD /* Truncated Icosahedron.metal */ = {isa = PBXFileReference; fileEncoding = 4; lastKnownFileType = sourcecode.metal; path = "Truncated Icosahedron.metal"; sourceTree = "<group>"; };
		E7ED18F0257E903A0075DD2E /* Simple_Scenes.framework */ = {isa = PBXFileReference; explicitFileType = wrapper.framework; includeInIndex = 0; path = Simple_Scenes.framework; sourceTree = BUILT_PRODUCTS_DIR; };
		E7ED2488257E923E0075DD2E /* Breathing Exercise.swift */ = {isa = PBXFileReference; lastKnownFileType = sourcecode.swift; path = "Breathing Exercise.swift"; sourceTree = "<group>"; };
		E7ED629721779685007ABB53 /* support.metal */ = {isa = PBXFileReference; lastKnownFileType = sourcecode.metal; path = support.metal; sourceTree = "<group>"; };
		E7FCB466212A2B1000CED4FA /* MetalTinker.app */ = {isa = PBXFileReference; explicitFileType = wrapper.application; includeInIndex = 0; path = MetalTinker.app; sourceTree = BUILT_PRODUCTS_DIR; };
		E7FCB469212A2B1000CED4FA /* MetalFilterTinkerApp.swift */ = {isa = PBXFileReference; lastKnownFileType = sourcecode.swift; path = MetalFilterTinkerApp.swift; sourceTree = "<group>"; };
		E7FCB46D212A2B1200CED4FA /* Assets.xcassets */ = {isa = PBXFileReference; lastKnownFileType = folder.assetcatalog; path = Assets.xcassets; sourceTree = "<group>"; };
		E7FCB472212A2B1200CED4FA /* MetalTinker-Info.plist */ = {isa = PBXFileReference; lastKnownFileType = text.plist.xml; path = "MetalTinker-Info.plist"; sourceTree = "<group>"; };
		E7FCB473212A2B1200CED4FA /* MetalTinker.entitlements */ = {isa = PBXFileReference; lastKnownFileType = text.plist.entitlements; path = MetalTinker.entitlements; sourceTree = "<group>"; };
/* End PBXFileReference section */

/* Begin PBXFrameworksBuildPhase section */
		E7ED18ED257E903A0075DD2E /* Frameworks */ = {
			isa = PBXFrameworksBuildPhase;
			buildActionMask = 2147483647;
			files = (
			);
			runOnlyForDeploymentPostprocessing = 0;
		};
		E7FCB463212A2B1000CED4FA /* Frameworks */ = {
			isa = PBXFrameworksBuildPhase;
			buildActionMask = 2147483647;
			files = (
				E7ED18F7257E903A0075DD2E /* Simple_Scenes.framework in Frameworks */,
			);
			runOnlyForDeploymentPostprocessing = 0;
		};
/* End PBXFrameworksBuildPhase section */

/* Begin PBXGroup section */
		E70BB0EB23C2AD3C001AC9FF /* Config */ = {
			isa = PBXGroup;
			children = (
				E753EBFA21B905DD003E4678 /* ConfigController.swift */,
				E70DAB43226056E5009B02CD /* DynamicPreferences.swift */,
				E71A02C32366512B00A88C16 /* ControlsView.swift */,
				E71A02C12366511A00A88C16 /* PreferencesView.swift */,
				E72A7FF823C2C2AB008C642A /* XSegmentedControl.swift */,
				E72A7FF523C2C275008C642A /* XSlider.swift */,
				E72A7FEF23C2C1B6008C642A /* XColorPicker.swift */,
				E72A7FF223C2C23F008C642A /* XBoolean.swift */,
			);
			path = Config;
			sourceTree = "<group>";
		};
		E72A7FFC23C2C3F7008C642A /* Metal */ = {
			isa = PBXGroup;
			children = (
				E701A3F12171573F00FC9795 /* Common.h */,
				E7CF9B7B227CC0E900413280 /* constants.h */,
				E77675DA2283791A00614B7B /* glsl.h */,
				E77675D72283786000614B7B /* glsl.metal */,
				E7ED629721779685007ABB53 /* support.metal */,
				E74711E5238442D700FF2A77 /* support.h */,
				E746F31423F0D107003598F6 /* sdf.metal */,
				E746F31723F0D11E003598F6 /* sdf.h */,
				E704CC0E25638FBA00FB8C5F /* shapes.h */,
				E704CBCD25638F6100FB8C5F /* shapes.metal */,
			);
			path = Metal;
			sourceTree = "<group>";
		};
		E74A41CC2576B4F600639F19 /* Scenes */ = {
			isa = PBXGroup;
			children = (
				E7ED2487257E92110075DD2E /* Circles */,
				E74A42522576B7C500639F19 /* SceneProtocol.swift */,
				E74A41CD2576B50E00639F19 /* Simple */,
			);
			path = Scenes;
			sourceTree = "<group>";
		};
		E74A41CD2576B50E00639F19 /* Simple */ = {
			isa = PBXGroup;
			children = (
				E74A41CE2576B53800639F19 /* Simple.swift */,
				E74A42102576B75100639F19 /* Simple2.swift */,
				E74A46642578488400639F19 /* Simple4.swift */,
				E74A46DE257AAA0300639F19 /* Simple6.swift */,
				E74A4820257AB32500639F19 /* Simple7.swift */,
				E7539441257AD22F00642C36 /* scenetest.metal */,
			);
			path = Simple;
			sourceTree = "<group>";
		};
		E74A445A2578043700639F19 /* Sprites */ = {
			isa = PBXGroup;
			children = (
				E74A445B257804AC00639F19 /* Simple3.swift */,
				E74A451E25780EC400639F19 /* SpriteProtocol.swift */,
			);
			path = Sprites;
			sourceTree = "<group>";
		};
		E75C92E721ACBEA800679E62 /* Resources */ = {
			isa = PBXGroup;
			children = (
				E743D67C236BEEBB00EB81BC /* videos */,
				E7FCB472212A2B1200CED4FA /* MetalTinker-Info.plist */,
				E7FCB473212A2B1200CED4FA /* MetalTinker.entitlements */,
				E7FCB46D212A2B1200CED4FA /* Assets.xcassets */,
				E7CF9B7C227CC6FE00413280 /* Textures.xcassets */,
				E7722C16253FD69A006EDEB1 /* Images.xcassets */,
			);
			path = Resources;
			sourceTree = "<group>";
		};
		E78F10152548E13100E76476 /* IO */ = {
			isa = PBXGroup;
			children = (
				E74F94582256A05800706CBF /* MetalVideoRecorder.swift */,
				E731C35F21AF6847001D2345 /* VideoSupport.swift */,
				E75C931221ADE7D200679E62 /* Webcam.swift */,
			);
			path = IO;
			sourceTree = "<group>";
		};
		E7CF9BCB227F421800413280 /* Extensions */ = {
			isa = PBXGroup;
			children = (
				E7CF9BCC227F425400413280 /* NSColor.swift */,
				E7CF9BCE227F429A00413280 /* UserDefaults.swift */,
				E7CF9BD0227F42BF00413280 /* MTLTexture.swift */,
				E7CF9BD2227F430900413280 /* NSImage.swift */,
				E7CF9BD8227F434A00413280 /* NSView.swift */,
				E7CF9BDB227F439300413280 /* String.swift */,
				E71A02C72367397B00A88C16 /* NSImageView.swift */,
				E71A02C923673C2400A88C16 /* CIImage.swift */,
				E72D600A2391D948009CF90A /* MyMTLStruct.swift */,
				E71A02C52366847600A88C16 /* ViewModel.swift */,
				E7652E192423FE80004CB302 /* AVAsset.swift */,
				E7AB8E0025A8497F00E464F9 /* MetalX.swift */,
			);
			path = Extensions;
			sourceTree = "<group>";
		};
		E7D7C0A325ABB410004D75CD /* Simple - Vertex */ = {
			isa = PBXGroup;
			children = (
				E7D7C09925ABB410004D75CD /* Bars.metal */,
				E7D7C09A25ABB410004D75CD /* Basic Bar.metal */,
				E7D7C09B25ABB410004D75CD /* Sliding Rectangles.metal */,
				E7D7C09C25ABB410004D75CD /* Animated Pinwheel.metal */,
				E7D7C09D25ABB410004D75CD /* Animation Test.metal */,
				E7D7C09E25ABB410004D75CD /* Blend.metal */,
				E7D7C09F25ABB410004D75CD /* Sliding Bar.metal */,
				E7D7C0A025ABB410004D75CD /* Twisting Squares.metal */,
				E7D7C0A125ABB410004D75CD /* Spinning Star.metal */,
				E7D7C0A225ABB410004D75CD /* Rotating Square.metal */,
			);
			path = "Simple - Vertex";
			sourceTree = "<group>";
		};
		E7D7C0A425ABB410004D75CD /* Shaders */ = {
			isa = PBXGroup;
			children = (
				E7D7C1B725ACBD1F004D75CD /* Shapes3dVertex */,
				E7D7C0A325ABB410004D75CD /* Simple - Vertex */,
			);
			name = Shaders;
			path = /Users/r0ml/Repositories/MetalTinker/Shaders;
			sourceTree = "<absolute>";
		};
		E7D7C1B725ACBD1F004D75CD /* Shapes3dVertex */ = {
			isa = PBXGroup;
			children = (
				E7D7C1B825ACBD1F004D75CD /* a Cylinder.metal */,
				E7D7C1B925ACBD1F004D75CD /* a Sphere.metal */,
				E7D7C1BA25ACBD1F004D75CD /* an Icosahedron.metal */,
				E7D7C1BB25ACBD1F004D75CD /* a Torus.metal */,
				E7D7C1BC25ACBD1F004D75CD /* a Cube.metal */,
				E7D7C1BD25ACBD1F004D75CD /* Truncated Icosahedron.metal */,
			);
			path = Shapes3dVertex;
			sourceTree = "<group>";
		};
		E7ED2487257E92110075DD2E /* Circles */ = {
			isa = PBXGroup;
			children = (
				E7AB8CBA25A03F8400E464F9 /* Bello.swift */,
				E7ED2488257E923E0075DD2E /* Breathing Exercise.swift */,
				E7AB8D3C25A5CCB600E464F9 /* Box Breathing Remix.swift */,
				E7AB8DBE25A7C1BA00E464F9 /* ryb color wheel.swift */,
			);
			path = Circles;
			sourceTree = "<group>";
		};
		E7FCB45D212A2B1000CED4FA = {
			isa = PBXGroup;
			children = (
				E79A10E122CF9B4D004FD5E2 /* README.md */,
				E743D689236C081E00EB81BC /* TODO.txt */,
				E71AE71623E0FFB100A0FC1C /* Documentation.rtf */,
				E75C92E721ACBEA800679E62 /* Resources */,
				E7CF9BCB227F421800413280 /* Extensions */,
				E70BB0EB23C2AD3C001AC9FF /* Config */,
				E7FCB468212A2B1000CED4FA /* MetalFilterTinker */,
				E78F10152548E13100E76476 /* IO */,
				E72A7FFC23C2C3F7008C642A /* Metal */,
				E7D7C0A425ABB410004D75CD /* Shaders */,
				E74A445A2578043700639F19 /* Sprites */,
				E74A41CC2576B4F600639F19 /* Scenes */,
				E7FCB467212A2B1000CED4FA /* Products */,
			);
			sourceTree = "<group>";
		};
		E7FCB467212A2B1000CED4FA /* Products */ = {
			isa = PBXGroup;
			children = (
				E7FCB466212A2B1000CED4FA /* MetalTinker.app */,
				E7ED18F0257E903A0075DD2E /* Simple_Scenes.framework */,
			);
			name = Products;
			sourceTree = "<group>";
		};
		E7FCB468212A2B1000CED4FA /* MetalFilterTinker */ = {
			isa = PBXGroup;
			children = (
				E7FCB469212A2B1000CED4FA /* MetalFilterTinkerApp.swift */,
				E71A02CB236767C000A88C16 /* MetalView.swift */,
				E74A43962576EC1A00639F19 /* SceneLibraryView.swift */,
				E74A44182578002F00639F19 /* SpriteLibraryView.swift */,
				E77675D4228347A800614B7B /* Library.swift */,
				E7500791216B181100FABE79 /* Shader.swift */,
				E79DD73A23E8DFF200DAB04A /* RenderSupport.swift */,
				E79DD74323E9377D00DAB04A /* RenderPipelinePass.swift */,
				E74A45E22578462700639F19 /* OffscreenPipelinePass.swift */,
				E7494E31255256D8000930BB /* ComputePipelinePass.swift */,
				E748C459239809E100AD7A64 /* RenderSetup.swift */,
				E749D2B5254F19D3000930BB /* KeyEventHandling.swift */,
				E74A45A02578458100639F19 /* BlitPipelinePass.swift */,
				E7539504257C065500642C36 /* T3SCNScene.swift */,
				E785E2E425AA46E600511B0C /* SKSCNScene.swift */,
				E7D7C0E325AC27A1004D75CD /* LibraryView.swift */,
			);
			path = MetalFilterTinker;
			sourceTree = "<group>";
		};
/* End PBXGroup section */

/* Begin PBXHeadersBuildPhase section */
		E7ED18EB257E903A0075DD2E /* Headers */ = {
			isa = PBXHeadersBuildPhase;
			buildActionMask = 2147483647;
			files = (
			);
			runOnlyForDeploymentPostprocessing = 0;
		};
/* End PBXHeadersBuildPhase section */

/* Begin PBXNativeTarget section */
		E743D701236C83FE00EB81BC /* Template */ = {
			isa = PBXNativeTarget;
			buildConfigurationList = E743D708236C83FE00EB81BC /* Build configuration list for PBXNativeTarget "Template" */;
			buildPhases = (
				E743D702236C83FE00EB81BC /* Sources */,
			);
			buildRules = (
			);
			dependencies = (
			);
			name = Template;
			productName = Simple;
			productType = "com.apple.product-type.metal-library";
		};
		E7D7C06B25ABB355004D75CD /* Simple Vertex */ = {
			isa = PBXNativeTarget;
			buildConfigurationList = E7D7C07225ABB355004D75CD /* Build configuration list for PBXNativeTarget "Simple Vertex" */;
			buildPhases = (
				E7D7C06C25ABB355004D75CD /* Sources */,
			);
			buildRules = (
			);
			dependencies = (
			);
			name = "Simple Vertex";
			productName = Simple;
			productType = "com.apple.product-type.metal-library";
		};
		E7D7C1A525ACBCE6004D75CD /* Shapes 3d Vertex */ = {
			isa = PBXNativeTarget;
			buildConfigurationList = E7D7C1AC25ACBCE6004D75CD /* Build configuration list for PBXNativeTarget "Shapes 3d Vertex" */;
			buildPhases = (
				E7D7C1A625ACBCE6004D75CD /* Sources */,
			);
			buildRules = (
			);
			dependencies = (
			);
			name = "Shapes 3d Vertex";
			productName = Simple;
			productType = "com.apple.product-type.metal-library";
		};
		E7ED18EF257E903A0075DD2E /* Simple Scenes */ = {
			isa = PBXNativeTarget;
			buildConfigurationList = E7ED18F9257E903A0075DD2E /* Build configuration list for PBXNativeTarget "Simple Scenes" */;
			buildPhases = (
				E7ED18EB257E903A0075DD2E /* Headers */,
				E7ED18EC257E903A0075DD2E /* Sources */,
				E7ED18ED257E903A0075DD2E /* Frameworks */,
				E7ED18EE257E903A0075DD2E /* Resources */,
			);
			buildRules = (
			);
			dependencies = (
			);
			name = "Simple Scenes";
			productName = "Simple Scenes";
			productReference = E7ED18F0257E903A0075DD2E /* Simple_Scenes.framework */;
			productType = "com.apple.product-type.framework";
		};
		E7FCB465212A2B1000CED4FA /* MetalTinker */ = {
			isa = PBXNativeTarget;
			buildConfigurationList = E7FCB476212A2B1200CED4FA /* Build configuration list for PBXNativeTarget "MetalTinker" */;
			buildPhases = (
				E7FCB462212A2B1000CED4FA /* Sources */,
				E7FCB463212A2B1000CED4FA /* Frameworks */,
				E7FCB464212A2B1000CED4FA /* Resources */,
				E71AFD06236539B900A88C16 /* CopyFiles */,
				E7ED18FC257E903A0075DD2E /* Embed Frameworks */,
				E7D7C06A25ABB333004D75CD /* ShellScript */,
			);
			buildRules = (
			);
			dependencies = (
				E7D7C1C925ACBD4C004D75CD /* PBXTargetDependency */,
				E7D7C07C25ABB36F004D75CD /* PBXTargetDependency */,
				E7ED18F6257E903A0075DD2E /* PBXTargetDependency */,
			);
			name = MetalTinker;
			productName = XDabble;
			productReference = E7FCB466212A2B1000CED4FA /* MetalTinker.app */;
			productType = "com.apple.product-type.application";
		};
/* End PBXNativeTarget section */

/* Begin PBXProject section */
		E7FCB45E212A2B1000CED4FA /* Project object */ = {
			isa = PBXProject;
			attributes = {
				LastSwiftUpdateCheck = 1000;
				LastUpgradeCheck = 1230;
				ORGANIZATIONNAME = Semasiology;
				TargetAttributes = {
					E7ED18EF257E903A0075DD2E = {
						CreatedOnToolsVersion = 12.2;
					};
					E7FCB465212A2B1000CED4FA = {
						CreatedOnToolsVersion = 10.0;
						LastSwiftMigration = 1020;
						SystemCapabilities = {
							com.apple.HardenedRuntime = {
								enabled = 1;
							};
							com.apple.Sandbox = {
								enabled = 1;
							};
						};
					};
				};
			};
			buildConfigurationList = E7FCB461212A2B1000CED4FA /* Build configuration list for PBXProject "MetalTinker" */;
			compatibilityVersion = "Xcode 12.0";
			developmentRegion = en;
			hasScannedForEncodings = 0;
			knownRegions = (
				en,
				Base,
			);
			mainGroup = E7FCB45D212A2B1000CED4FA;
			productRefGroup = E7FCB467212A2B1000CED4FA /* Products */;
			projectDirPath = "";
			projectRoot = "";
			targets = (
				E7FCB465212A2B1000CED4FA /* MetalTinker */,
				E7D7C1A525ACBCE6004D75CD /* Shapes 3d Vertex */,
				E7D7C06B25ABB355004D75CD /* Simple Vertex */,
				E743D701236C83FE00EB81BC /* Template */,
				E7ED18EF257E903A0075DD2E /* Simple Scenes */,
			);
		};
/* End PBXProject section */

/* Begin PBXResourcesBuildPhase section */
		E7ED18EE257E903A0075DD2E /* Resources */ = {
			isa = PBXResourcesBuildPhase;
			buildActionMask = 2147483647;
			files = (
			);
			runOnlyForDeploymentPostprocessing = 0;
		};
		E7FCB464212A2B1000CED4FA /* Resources */ = {
			isa = PBXResourcesBuildPhase;
			buildActionMask = 2147483647;
			files = (
				E7FCB46E212A2B1200CED4FA /* Assets.xcassets in Resources */,
				E743D67D236BEEBB00EB81BC /* videos in Resources */,
				E7722C17253FD69A006EDEB1 /* Images.xcassets in Resources */,
				E79A10E222CF9B4D004FD5E2 /* README.md in Resources */,
				E743D68A236C081E00EB81BC /* TODO.txt in Resources */,
				E71AE71723E0FFB200A0FC1C /* Documentation.rtf in Resources */,
				E7CF9B7D227CC6FE00413280 /* Textures.xcassets in Resources */,
			);
			runOnlyForDeploymentPostprocessing = 0;
		};
/* End PBXResourcesBuildPhase section */

/* Begin PBXShellScriptBuildPhase section */
		E7D7C06A25ABB333004D75CD /* ShellScript */ = {
			isa = PBXShellScriptBuildPhase;
			buildActionMask = 2147483647;
			files = (
			);
			inputFileListPaths = (
			);
			inputPaths = (
			);
			outputFileListPaths = (
			);
			outputPaths = (
			);
			runOnlyForDeploymentPostprocessing = 0;
			shellPath = /bin/sh;
			shellScript = "# Type a script or drag a script file from your workspace to insert its path.\ncp -a ${TARGET_BUILD_DIR}/*.metallib ${METAL_LIBRARY_OUTPUT_DIR}\n";
		};
/* End PBXShellScriptBuildPhase section */

/* Begin PBXSourcesBuildPhase section */
		E743D702236C83FE00EB81BC /* Sources */ = {
			isa = PBXSourcesBuildPhase;
			buildActionMask = 2147483647;
			files = (
				E743D706236C83FE00EB81BC /* glsl.metal in Sources */,
				E7539F87257C19EE00642C36 /* scenetest.metal in Sources */,
				E704CC8E25638FFB00FB8C5F /* shapes.metal in Sources */,
				E746F31923F0D9AC003598F6 /* sdf.metal in Sources */,
				E743D707236C83FE00EB81BC /* support.metal in Sources */,
			);
			runOnlyForDeploymentPostprocessing = 0;
		};
		E7D7C06C25ABB355004D75CD /* Sources */ = {
			isa = PBXSourcesBuildPhase;
			buildActionMask = 2147483647;
			files = (
				E7D7C0A525ABB41E004D75CD /* Bars.metal in Sources */,
				E7D7C0A625ABB41E004D75CD /* Basic Bar.metal in Sources */,
				E7D7C0A725ABB41E004D75CD /* Sliding Rectangles.metal in Sources */,
				E7D7C0A825ABB41E004D75CD /* Animated Pinwheel.metal in Sources */,
				E7D7C0A925ABB41E004D75CD /* Animation Test.metal in Sources */,
				E7D7C0AA25ABB41E004D75CD /* Blend.metal in Sources */,
				E7D7C0AB25ABB41E004D75CD /* Sliding Bar.metal in Sources */,
				E7D7C0AC25ABB41E004D75CD /* Twisting Squares.metal in Sources */,
				E7D7C0AD25ABB41E004D75CD /* Spinning Star.metal in Sources */,
				E7D7C0AE25ABB41E004D75CD /* Rotating Square.metal in Sources */,
				E7D7C06D25ABB355004D75CD /* glsl.metal in Sources */,
				E7D7C06E25ABB355004D75CD /* scenetest.metal in Sources */,
				E7D7C06F25ABB355004D75CD /* shapes.metal in Sources */,
				E7D7C07025ABB355004D75CD /* sdf.metal in Sources */,
				E7D7C07125ABB355004D75CD /* support.metal in Sources */,
			);
			runOnlyForDeploymentPostprocessing = 0;
		};
		E7D7C1A625ACBCE6004D75CD /* Sources */ = {
			isa = PBXSourcesBuildPhase;
			buildActionMask = 2147483647;
			files = (
				E7D7C1C125ACBD1F004D75CD /* a Torus.metal in Sources */,
				E7D7C1C225ACBD1F004D75CD /* a Cube.metal in Sources */,
				E7D7C1BE25ACBD1F004D75CD /* a Cylinder.metal in Sources */,
				E7D7C1A725ACBCE6004D75CD /* glsl.metal in Sources */,
				E7D7C1BF25ACBD1F004D75CD /* a Sphere.metal in Sources */,
				E7D7C1C025ACBD1F004D75CD /* an Icosahedron.metal in Sources */,
				E7D7C1A825ACBCE6004D75CD /* scenetest.metal in Sources */,
				E7D7C1A925ACBCE6004D75CD /* shapes.metal in Sources */,
				E7D7C1AA25ACBCE6004D75CD /* sdf.metal in Sources */,
				E7D7C1C325ACBD1F004D75CD /* Truncated Icosahedron.metal in Sources */,
				E7D7C1AB25ACBCE6004D75CD /* support.metal in Sources */,
			);
			runOnlyForDeploymentPostprocessing = 0;
		};
		E7ED18EC257E903A0075DD2E /* Sources */ = {
			isa = PBXSourcesBuildPhase;
			buildActionMask = 2147483647;
			files = (
			);
			runOnlyForDeploymentPostprocessing = 0;
		};
		E7FCB462212A2B1000CED4FA /* Sources */ = {
			isa = PBXSourcesBuildPhase;
			buildActionMask = 2147483647;
			files = (
				E74A445C257804AC00639F19 /* Simple3.swift in Sources */,
				E72A7FF923C2C2AB008C642A /* XSegmentedControl.swift in Sources */,
				E7539442257AD22F00642C36 /* scenetest.metal in Sources */,
				E7A3A16A21A7E07500742611 /* Common.h in Sources */,
				E7ED1AD9257E909E0075DD2E /* Simple6.swift in Sources */,
				E71A02CA23673C2400A88C16 /* CIImage.swift in Sources */,
				E7D7C0D925ABB5E3004D75CD /* ComputePipelinePass.swift in Sources */,
				E7D7C0B625ABB443004D75CD /* Webcam.swift in Sources */,
				E7CF9BD9227F434A00413280 /* NSView.swift in Sources */,
				E7D7C0CA25ABB4C8004D75CD /* RenderPipelinePass.swift in Sources */,
				E7D7C0C225ABB48F004D75CD /* ControlsView.swift in Sources */,
				E7D7C0E425AC27A1004D75CD /* LibraryView.swift in Sources */,
				E7D7C0BE25ABB48B004D75CD /* DynamicPreferences.swift in Sources */,
				E74F94592256A05900706CBF /* MetalVideoRecorder.swift in Sources */,
				E7ED1A19257E909E0075DD2E /* Simple.swift in Sources */,
				E749D2B6254F19D3000930BB /* KeyEventHandling.swift in Sources */,
				E7ED629821779685007ABB53 /* support.metal in Sources */,
				E7CF9BDC227F439300413280 /* String.swift in Sources */,
				E7D7C0B225ABB440004D75CD /* VideoSupport.swift in Sources */,
				E7D7C05025AB9EEF004D75CD /* Library.swift in Sources */,
				E7CF9BD1227F42BF00413280 /* MTLTexture.swift in Sources */,
				E71A02C82367397B00A88C16 /* NSImageView.swift in Sources */,
				E7AB8CBB25A03F8400E464F9 /* Bello.swift in Sources */,
				E7ED1A99257E909E0075DD2E /* Simple2.swift in Sources */,
				E7CF9BD3227F430900413280 /* NSImage.swift in Sources */,
				E77675D82283786000614B7B /* glsl.metal in Sources */,
				E7AB8D3D25A5CCB600E464F9 /* Box Breathing Remix.swift in Sources */,
				E7D7C0C625ABB4B1004D75CD /* MetalView.swift in Sources */,
				E7D7C04B25AB9E31004D75CD /* T3SCNScene.swift in Sources */,
				E72A7FF023C2C1B6008C642A /* XColorPicker.swift in Sources */,
				E7D7C0D525ABB5CB004D75CD /* RenderSupport.swift in Sources */,
				E7D7C03F25AB9C6F004D75CD /* PreferencesView.swift in Sources */,
				E785E2E525AA46E600511B0C /* SKSCNScene.swift in Sources */,
				E7ED2489257E923E0075DD2E /* Breathing Exercise.swift in Sources */,
				E74A42532576B7C500639F19 /* SceneProtocol.swift in Sources */,
				E7652E1A2423FE80004CB302 /* AVAsset.swift in Sources */,
				E72A7FF323C2C23F008C642A /* XBoolean.swift in Sources */,
				E7ED19D9257E909E0075DD2E /* Simple4.swift in Sources */,
				E7D7C0BA25ABB486004D75CD /* ConfigController.swift in Sources */,
				E7CF9BCD227F425400413280 /* NSColor.swift in Sources */,
				E7ED1A59257E909E0075DD2E /* Simple7.swift in Sources */,
				E72D600B2391D948009CF90A /* MyMTLStruct.swift in Sources */,
				E7FCB46A212A2B1000CED4FA /* MetalFilterTinkerApp.swift in Sources */,
				E71A02C62366847600A88C16 /* ViewModel.swift in Sources */,
				E72A7FF623C2C275008C642A /* XSlider.swift in Sources */,
				E704CBCE25638F6100FB8C5F /* shapes.metal in Sources */,
				E7CF9BCF227F429A00413280 /* UserDefaults.swift in Sources */,
				E7D7C0D125ABB55F004D75CD /* Shader.swift in Sources */,
				E7AB8E0125A8497F00E464F9 /* MetalX.swift in Sources */,
				E748C45A239809E100AD7A64 /* RenderSetup.swift in Sources */,
				E74A43972576EC1A00639F19 /* SceneLibraryView.swift in Sources */,
				E746F31523F0D107003598F6 /* sdf.metal in Sources */,
				E7AB8DBF25A7C1BA00E464F9 /* ryb color wheel.swift in Sources */,
			);
			runOnlyForDeploymentPostprocessing = 0;
		};
/* End PBXSourcesBuildPhase section */

/* Begin PBXTargetDependency section */
		E7D7C07C25ABB36F004D75CD /* PBXTargetDependency */ = {
			isa = PBXTargetDependency;
			target = E7D7C06B25ABB355004D75CD /* Simple Vertex */;
			targetProxy = E7D7C07B25ABB36F004D75CD /* PBXContainerItemProxy */;
		};
		E7D7C1C925ACBD4C004D75CD /* PBXTargetDependency */ = {
			isa = PBXTargetDependency;
			target = E7D7C1A525ACBCE6004D75CD /* Shapes 3d Vertex */;
			targetProxy = E7D7C1C825ACBD4C004D75CD /* PBXContainerItemProxy */;
		};
		E7ED18F6257E903A0075DD2E /* PBXTargetDependency */ = {
			isa = PBXTargetDependency;
			target = E7ED18EF257E903A0075DD2E /* Simple Scenes */;
			targetProxy = E7ED18F5257E903A0075DD2E /* PBXContainerItemProxy */;
		};
/* End PBXTargetDependency section */

/* Begin XCBuildConfiguration section */
		E743D709236C83FE00EB81BC /* Debug */ = {
			isa = XCBuildConfiguration;
			buildSettings = {
				CODE_SIGN_STYLE = Automatic;
				DEVELOPMENT_TEAM = MHEBPE6SV2;
				PRODUCT_NAME = "$(TARGET_NAME)";
			};
			name = Debug;
		};
		E743D70A236C83FE00EB81BC /* Release */ = {
			isa = XCBuildConfiguration;
			buildSettings = {
				CODE_SIGN_STYLE = Automatic;
				DEVELOPMENT_TEAM = MHEBPE6SV2;
				PRODUCT_NAME = "$(TARGET_NAME)";
			};
			name = Release;
		};
		E7D7C07325ABB355004D75CD /* Debug */ = {
			isa = XCBuildConfiguration;
			buildSettings = {
				CODE_SIGN_STYLE = Automatic;
				DEVELOPMENT_TEAM = MHEBPE6SV2;
				PRODUCT_NAME = "$(TARGET_NAME)";
			};
			name = Debug;
		};
		E7D7C07425ABB355004D75CD /* Release */ = {
			isa = XCBuildConfiguration;
			buildSettings = {
				CODE_SIGN_STYLE = Automatic;
				DEVELOPMENT_TEAM = MHEBPE6SV2;
				PRODUCT_NAME = "$(TARGET_NAME)";
			};
			name = Release;
		};
		E7D7C1AD25ACBCE6004D75CD /* Debug */ = {
			isa = XCBuildConfiguration;
			buildSettings = {
				CODE_SIGN_STYLE = Automatic;
				DEVELOPMENT_TEAM = MHEBPE6SV2;
				PRODUCT_NAME = "$(TARGET_NAME)";
			};
			name = Debug;
		};
		E7D7C1AE25ACBCE6004D75CD /* Release */ = {
			isa = XCBuildConfiguration;
			buildSettings = {
				CODE_SIGN_STYLE = Automatic;
				DEVELOPMENT_TEAM = MHEBPE6SV2;
				PRODUCT_NAME = "$(TARGET_NAME)";
			};
			name = Release;
		};
		E7ED18FA257E903A0075DD2E /* Debug */ = {
			isa = XCBuildConfiguration;
			buildSettings = {
				CLANG_CXX_LANGUAGE_STANDARD = "gnu++14";
				CODE_SIGN_IDENTITY = "";
				CODE_SIGN_STYLE = Automatic;
				COMBINE_HIDPI_IMAGES = YES;
				CURRENT_PROJECT_VERSION = 1;
				DEFINES_MODULE = YES;
				DEVELOPMENT_TEAM = MHEBPE6SV2;
				DYLIB_COMPATIBILITY_VERSION = 1;
				DYLIB_CURRENT_VERSION = 1;
				DYLIB_INSTALL_NAME_BASE = "@rpath";
				GCC_C_LANGUAGE_STANDARD = gnu11;
				INFOPLIST_FILE = "Simple Scenes/Info.plist";
				INSTALL_PATH = "$(LOCAL_LIBRARY_DIR)/Frameworks";
				LD_RUNPATH_SEARCH_PATHS = (
					"$(inherited)",
					"@executable_path/../Frameworks",
					"@loader_path/Frameworks",
				);
				PRODUCT_BUNDLE_IDENTIFIER = "software.tinker.3d.Simple-Scenes";
				PRODUCT_NAME = "$(TARGET_NAME:c99extidentifier)";
				SKIP_INSTALL = YES;
				SWIFT_VERSION = 5.0;
				VERSIONING_SYSTEM = "apple-generic";
				VERSION_INFO_PREFIX = "";
			};
			name = Debug;
		};
		E7ED18FB257E903A0075DD2E /* Release */ = {
			isa = XCBuildConfiguration;
			buildSettings = {
				CLANG_CXX_LANGUAGE_STANDARD = "gnu++14";
				CODE_SIGN_IDENTITY = "";
				CODE_SIGN_STYLE = Automatic;
				COMBINE_HIDPI_IMAGES = YES;
				CURRENT_PROJECT_VERSION = 1;
				DEFINES_MODULE = YES;
				DEVELOPMENT_TEAM = MHEBPE6SV2;
				DYLIB_COMPATIBILITY_VERSION = 1;
				DYLIB_CURRENT_VERSION = 1;
				DYLIB_INSTALL_NAME_BASE = "@rpath";
				GCC_C_LANGUAGE_STANDARD = gnu11;
				INFOPLIST_FILE = "Simple Scenes/Info.plist";
				INSTALL_PATH = "$(LOCAL_LIBRARY_DIR)/Frameworks";
				LD_RUNPATH_SEARCH_PATHS = (
					"$(inherited)",
					"@executable_path/../Frameworks",
					"@loader_path/Frameworks",
				);
				PRODUCT_BUNDLE_IDENTIFIER = "software.tinker.3d.Simple-Scenes";
				PRODUCT_NAME = "$(TARGET_NAME:c99extidentifier)";
				SKIP_INSTALL = YES;
				SWIFT_VERSION = 5.0;
				VERSIONING_SYSTEM = "apple-generic";
				VERSION_INFO_PREFIX = "";
			};
			name = Release;
		};
		E7FCB474212A2B1200CED4FA /* Debug */ = {
			isa = XCBuildConfiguration;
			buildSettings = {
				ALWAYS_SEARCH_USER_PATHS = NO;
				CLANG_ANALYZER_NONNULL = YES;
				CLANG_ANALYZER_NUMBER_OBJECT_CONVERSION = YES_AGGRESSIVE;
				CLANG_CXX_LIBRARY = "libc++";
				CLANG_ENABLE_MODULES = YES;
				CLANG_ENABLE_OBJC_ARC = YES;
				CLANG_ENABLE_OBJC_WEAK = YES;
				CLANG_WARN_BLOCK_CAPTURE_AUTORELEASING = YES;
				CLANG_WARN_BOOL_CONVERSION = YES;
				CLANG_WARN_COMMA = YES;
				CLANG_WARN_CONSTANT_CONVERSION = YES;
				CLANG_WARN_DEPRECATED_OBJC_IMPLEMENTATIONS = YES;
				CLANG_WARN_DIRECT_OBJC_ISA_USAGE = YES_ERROR;
				CLANG_WARN_DOCUMENTATION_COMMENTS = YES;
				CLANG_WARN_EMPTY_BODY = YES;
				CLANG_WARN_ENUM_CONVERSION = YES;
				CLANG_WARN_INFINITE_RECURSION = YES;
				CLANG_WARN_INT_CONVERSION = YES;
				CLANG_WARN_NON_LITERAL_NULL_CONVERSION = YES;
				CLANG_WARN_OBJC_IMPLICIT_RETAIN_SELF = YES;
				CLANG_WARN_OBJC_LITERAL_CONVERSION = YES;
				CLANG_WARN_OBJC_ROOT_CLASS = YES_ERROR;
				CLANG_WARN_QUOTED_INCLUDE_IN_FRAMEWORK_HEADER = YES;
				CLANG_WARN_RANGE_LOOP_ANALYSIS = YES;
				CLANG_WARN_STRICT_PROTOTYPES = YES;
				CLANG_WARN_SUSPICIOUS_MOVE = YES;
				CLANG_WARN_UNGUARDED_AVAILABILITY = YES_AGGRESSIVE;
				CLANG_WARN_UNREACHABLE_CODE = YES;
				CLANG_WARN__DUPLICATE_METHOD_MATCH = YES;
				CODE_SIGN_IDENTITY = "Mac Developer";
				COPY_PHASE_STRIP = NO;
				DEBUG_INFORMATION_FORMAT = dwarf;
				ENABLE_STRICT_OBJC_MSGSEND = YES;
				ENABLE_TESTABILITY = YES;
				GCC_DYNAMIC_NO_PIC = NO;
				GCC_NO_COMMON_BLOCKS = YES;
				GCC_OPTIMIZATION_LEVEL = 0;
				GCC_PREPROCESSOR_DEFINITIONS = (
					"DEBUG=1",
					"$(inherited)",
				);
				GCC_WARN_64_TO_32_BIT_CONVERSION = YES;
				GCC_WARN_ABOUT_MISSING_FIELD_INITIALIZERS = YES;
				GCC_WARN_ABOUT_RETURN_TYPE = YES_ERROR;
				GCC_WARN_MISSING_PARENTHESES = YES;
				GCC_WARN_UNDECLARED_SELECTOR = YES;
				GCC_WARN_UNINITIALIZED_AUTOS = YES_AGGRESSIVE;
				GCC_WARN_UNUSED_FUNCTION = YES;
				GCC_WARN_UNUSED_VARIABLE = YES;
				MACOSX_DEPLOYMENT_TARGET = 11.0;
				MTL_COMPILER_FLAGS = "-Wno-missing-braces";
				MTL_ENABLE_DEBUG_INFO = INCLUDE_SOURCE;
				MTL_FAST_MATH = YES;
				MTL_HEADER_SEARCH_PATHS = Metal;
				MTL_LANGUAGE_REVISION = Metal22;
				MTL_OPTIMIZATION_LEVEL = 0;
				ONLY_ACTIVE_ARCH = YES;
				SDKROOT = macosx;
				SWIFT_ACTIVE_COMPILATION_CONDITIONS = DEBUG;
				SWIFT_OPTIMIZATION_LEVEL = "-Onone";
				SWIFT_VERSION = 5.0;
			};
			name = Debug;
		};
		E7FCB475212A2B1200CED4FA /* Release */ = {
			isa = XCBuildConfiguration;
			buildSettings = {
				ALWAYS_SEARCH_USER_PATHS = NO;
				CLANG_ANALYZER_NONNULL = YES;
				CLANG_ANALYZER_NUMBER_OBJECT_CONVERSION = YES_AGGRESSIVE;
				CLANG_CXX_LIBRARY = "libc++";
				CLANG_ENABLE_MODULES = YES;
				CLANG_ENABLE_OBJC_ARC = YES;
				CLANG_ENABLE_OBJC_WEAK = YES;
				CLANG_WARN_BLOCK_CAPTURE_AUTORELEASING = YES;
				CLANG_WARN_BOOL_CONVERSION = YES;
				CLANG_WARN_COMMA = YES;
				CLANG_WARN_CONSTANT_CONVERSION = YES;
				CLANG_WARN_DEPRECATED_OBJC_IMPLEMENTATIONS = YES;
				CLANG_WARN_DIRECT_OBJC_ISA_USAGE = YES_ERROR;
				CLANG_WARN_DOCUMENTATION_COMMENTS = YES;
				CLANG_WARN_EMPTY_BODY = YES;
				CLANG_WARN_ENUM_CONVERSION = YES;
				CLANG_WARN_INFINITE_RECURSION = YES;
				CLANG_WARN_INT_CONVERSION = YES;
				CLANG_WARN_NON_LITERAL_NULL_CONVERSION = YES;
				CLANG_WARN_OBJC_IMPLICIT_RETAIN_SELF = YES;
				CLANG_WARN_OBJC_LITERAL_CONVERSION = YES;
				CLANG_WARN_OBJC_ROOT_CLASS = YES_ERROR;
				CLANG_WARN_QUOTED_INCLUDE_IN_FRAMEWORK_HEADER = YES;
				CLANG_WARN_RANGE_LOOP_ANALYSIS = YES;
				CLANG_WARN_STRICT_PROTOTYPES = YES;
				CLANG_WARN_SUSPICIOUS_MOVE = YES;
				CLANG_WARN_UNGUARDED_AVAILABILITY = YES_AGGRESSIVE;
				CLANG_WARN_UNREACHABLE_CODE = YES;
				CLANG_WARN__DUPLICATE_METHOD_MATCH = YES;
				CODE_SIGN_IDENTITY = "Mac Developer";
				COPY_PHASE_STRIP = NO;
				DEBUG_INFORMATION_FORMAT = "dwarf-with-dsym";
				ENABLE_NS_ASSERTIONS = NO;
				ENABLE_STRICT_OBJC_MSGSEND = YES;
				GCC_NO_COMMON_BLOCKS = YES;
				GCC_WARN_64_TO_32_BIT_CONVERSION = YES;
				GCC_WARN_ABOUT_MISSING_FIELD_INITIALIZERS = YES;
				GCC_WARN_ABOUT_RETURN_TYPE = YES_ERROR;
				GCC_WARN_MISSING_PARENTHESES = YES;
				GCC_WARN_UNDECLARED_SELECTOR = YES;
				GCC_WARN_UNINITIALIZED_AUTOS = YES_AGGRESSIVE;
				GCC_WARN_UNUSED_FUNCTION = YES;
				GCC_WARN_UNUSED_VARIABLE = YES;
				MACOSX_DEPLOYMENT_TARGET = 11.0;
				MTL_COMPILER_FLAGS = "-Wno-missing-braces";
				MTL_ENABLE_DEBUG_INFO = NO;
				MTL_FAST_MATH = YES;
				MTL_HEADER_SEARCH_PATHS = Metal;
				MTL_LANGUAGE_REVISION = Metal22;
				MTL_OPTIMIZATION_LEVEL = 2;
				SDKROOT = macosx;
				SWIFT_COMPILATION_MODE = wholemodule;
				SWIFT_OPTIMIZATION_LEVEL = "-O";
				SWIFT_VERSION = 5.0;
			};
			name = Release;
		};
		E7FCB477212A2B1200CED4FA /* Debug */ = {
			isa = XCBuildConfiguration;
			buildSettings = {
				ASSETCATALOG_COMPILER_APPICON_NAME = AppIcon;
				CLANG_ENABLE_MODULES = YES;
				CODE_SIGN_ENTITLEMENTS = Resources/MetalTinker.entitlements;
				CODE_SIGN_IDENTITY = "Mac Developer";
				CODE_SIGN_STYLE = Automatic;
				COMBINE_HIDPI_IMAGES = YES;
				DEVELOPMENT_TEAM = MHEBPE6SV2;
				ENABLE_HARDENED_RUNTIME = YES;
				INFOPLIST_FILE = "Resources/MetalTinker-Info.plist";
				LD_RUNPATH_SEARCH_PATHS = (
					"$(inherited)",
					"@executable_path/../Frameworks",
				);
				MTL_COMPILER_FLAGS = "";
				PRODUCT_BUNDLE_IDENTIFIER = software.tinker.metal;
				PRODUCT_NAME = "$(TARGET_NAME)";
				PROVISIONING_PROFILE_SPECIFIER = "";
				SWIFT_OPTIMIZATION_LEVEL = "-Onone";
				SWIFT_VERSION = 5.0;
			};
			name = Debug;
		};
		E7FCB478212A2B1200CED4FA /* Release */ = {
			isa = XCBuildConfiguration;
			buildSettings = {
				ASSETCATALOG_COMPILER_APPICON_NAME = AppIcon;
				CLANG_ENABLE_MODULES = YES;
				CODE_SIGN_ENTITLEMENTS = Resources/MetalTinker.entitlements;
				CODE_SIGN_IDENTITY = "Mac Developer";
				CODE_SIGN_STYLE = Automatic;
				COMBINE_HIDPI_IMAGES = YES;
				DEVELOPMENT_TEAM = MHEBPE6SV2;
				ENABLE_HARDENED_RUNTIME = YES;
				INFOPLIST_FILE = "Resources/MetalTinker-Info.plist";
				LD_RUNPATH_SEARCH_PATHS = (
					"$(inherited)",
					"@executable_path/../Frameworks",
				);
				MTL_COMPILER_FLAGS = "";
				PRODUCT_BUNDLE_IDENTIFIER = software.tinker.metal;
				PRODUCT_NAME = "$(TARGET_NAME)";
				PROVISIONING_PROFILE_SPECIFIER = "";
				SWIFT_VERSION = 5.0;
			};
			name = Release;
		};
/* End XCBuildConfiguration section */

/* Begin XCConfigurationList section */
		E743D708236C83FE00EB81BC /* Build configuration list for PBXNativeTarget "Template" */ = {
			isa = XCConfigurationList;
			buildConfigurations = (
				E743D709236C83FE00EB81BC /* Debug */,
				E743D70A236C83FE00EB81BC /* Release */,
			);
			defaultConfigurationIsVisible = 0;
			defaultConfigurationName = Release;
		};
		E7D7C07225ABB355004D75CD /* Build configuration list for PBXNativeTarget "Simple Vertex" */ = {
			isa = XCConfigurationList;
			buildConfigurations = (
				E7D7C07325ABB355004D75CD /* Debug */,
				E7D7C07425ABB355004D75CD /* Release */,
			);
			defaultConfigurationIsVisible = 0;
			defaultConfigurationName = Release;
		};
		E7D7C1AC25ACBCE6004D75CD /* Build configuration list for PBXNativeTarget "Shapes 3d Vertex" */ = {
			isa = XCConfigurationList;
			buildConfigurations = (
				E7D7C1AD25ACBCE6004D75CD /* Debug */,
				E7D7C1AE25ACBCE6004D75CD /* Release */,
			);
			defaultConfigurationIsVisible = 0;
			defaultConfigurationName = Release;
		};
		E7ED18F9257E903A0075DD2E /* Build configuration list for PBXNativeTarget "Simple Scenes" */ = {
			isa = XCConfigurationList;
			buildConfigurations = (
				E7ED18FA257E903A0075DD2E /* Debug */,
				E7ED18FB257E903A0075DD2E /* Release */,
			);
			defaultConfigurationIsVisible = 0;
			defaultConfigurationName = Release;
		};
		E7FCB461212A2B1000CED4FA /* Build configuration list for PBXProject "MetalTinker" */ = {
			isa = XCConfigurationList;
			buildConfigurations = (
				E7FCB474212A2B1200CED4FA /* Debug */,
				E7FCB475212A2B1200CED4FA /* Release */,
			);
			defaultConfigurationIsVisible = 0;
			defaultConfigurationName = Release;
		};
		E7FCB476212A2B1200CED4FA /* Build configuration list for PBXNativeTarget "MetalTinker" */ = {
			isa = XCConfigurationList;
			buildConfigurations = (
				E7FCB477212A2B1200CED4FA /* Debug */,
				E7FCB478212A2B1200CED4FA /* Release */,
			);
			defaultConfigurationIsVisible = 0;
			defaultConfigurationName = Release;
		};
/* End XCConfigurationList section */
	};
	rootObject = E7FCB45E212A2B1000CED4FA /* Project object */;
}
